// !$*UTF8*$!
{
	archiveVersion = 1;
	classes = {
	};
	objectVersion = 56;
	objects = {

/* Begin PBXBuildFile section */
		E49BF8972B77FAD700EA8B73 /* AppDelegate.swift in Sources */ = {isa = PBXBuildFile; fileRef = E49BF8962B77FAD700EA8B73 /* AppDelegate.swift */; };
		E49BF8992B77FAD700EA8B73 /* SceneDelegate.swift in Sources */ = {isa = PBXBuildFile; fileRef = E49BF8982B77FAD700EA8B73 /* SceneDelegate.swift */; };
		E49BF8A02B77FAD800EA8B73 /* Assets.xcassets in Resources */ = {isa = PBXBuildFile; fileRef = E49BF89F2B77FAD800EA8B73 /* Assets.xcassets */; };
		E49BF8A32B77FAD800EA8B73 /* LaunchScreen.storyboard in Resources */ = {isa = PBXBuildFile; fileRef = E49BF8A12B77FAD800EA8B73 /* LaunchScreen.storyboard */; };
		E49BF8AE2B77FAD800EA8B73 /* VIPHeadLineTests.swift in Sources */ = {isa = PBXBuildFile; fileRef = E49BF8AD2B77FAD800EA8B73 /* VIPHeadLineTests.swift */; };
		E49BF8B82B77FAD800EA8B73 /* VIPHeadLineUITests.swift in Sources */ = {isa = PBXBuildFile; fileRef = E49BF8B72B77FAD800EA8B73 /* VIPHeadLineUITests.swift */; };
		E49BF8BA2B77FAD800EA8B73 /* VIPHeadLineUITestsLaunchTests.swift in Sources */ = {isa = PBXBuildFile; fileRef = E49BF8B92B77FAD800EA8B73 /* VIPHeadLineUITestsLaunchTests.swift */; };
		E49BF8CE2B77FDD600EA8B73 /* ListNewsPresenter.swift in Sources */ = {isa = PBXBuildFile; fileRef = E49BF8C82B77FDD600EA8B73 /* ListNewsPresenter.swift */; };
		E49BF8CF2B77FDD600EA8B73 /* ListNewsWorker.swift in Sources */ = {isa = PBXBuildFile; fileRef = E49BF8C92B77FDD600EA8B73 /* ListNewsWorker.swift */; };
		E49BF8D02B77FDD600EA8B73 /* ListNewsRouter.swift in Sources */ = {isa = PBXBuildFile; fileRef = E49BF8CA2B77FDD600EA8B73 /* ListNewsRouter.swift */; };
		E49BF8D12B77FDD600EA8B73 /* ListNewsModels.swift in Sources */ = {isa = PBXBuildFile; fileRef = E49BF8CB2B77FDD600EA8B73 /* ListNewsModels.swift */; };
		E49BF8D22B77FDD600EA8B73 /* ListNewsViewController.swift in Sources */ = {isa = PBXBuildFile; fileRef = E49BF8CC2B77FDD600EA8B73 /* ListNewsViewController.swift */; };
		E49BF8D32B77FDD600EA8B73 /* ListNewsInteractor.swift in Sources */ = {isa = PBXBuildFile; fileRef = E49BF8CD2B77FDD600EA8B73 /* ListNewsInteractor.swift */; };
		E49BF8D82B78065200EA8B73 /* Article.swift in Sources */ = {isa = PBXBuildFile; fileRef = E49BF8D72B78065200EA8B73 /* Article.swift */; };
		E49BF8DA2B78065B00EA8B73 /* ArticleList.swift in Sources */ = {isa = PBXBuildFile; fileRef = E49BF8D92B78065B00EA8B73 /* ArticleList.swift */; };
		E49BF8DC2B78072F00EA8B73 /* ArticlesAPI.swift in Sources */ = {isa = PBXBuildFile; fileRef = E49BF8DB2B78072F00EA8B73 /* ArticlesAPI.swift */; };
		E49BF8DF2B78082E00EA8B73 /* ArticlesWorker.swift in Sources */ = {isa = PBXBuildFile; fileRef = E49BF8DE2B78082E00EA8B73 /* ArticlesWorker.swift */; };
		E49BF8E22B792DD700EA8B73 /* ArticleTableViewCell.swift in Sources */ = {isa = PBXBuildFile; fileRef = E49BF8E12B792DD700EA8B73 /* ArticleTableViewCell.swift */; };
/* End PBXBuildFile section */

/* Begin PBXContainerItemProxy section */
		E49BF8AA2B77FAD800EA8B73 /* PBXContainerItemProxy */ = {
			isa = PBXContainerItemProxy;
			containerPortal = E49BF88B2B77FAD700EA8B73 /* Project object */;
			proxyType = 1;
			remoteGlobalIDString = E49BF8922B77FAD700EA8B73;
			remoteInfo = VIPHeadLine;
		};
		E49BF8B42B77FAD800EA8B73 /* PBXContainerItemProxy */ = {
			isa = PBXContainerItemProxy;
			containerPortal = E49BF88B2B77FAD700EA8B73 /* Project object */;
			proxyType = 1;
			remoteGlobalIDString = E49BF8922B77FAD700EA8B73;
			remoteInfo = VIPHeadLine;
		};
/* End PBXContainerItemProxy section */

/* Begin PBXFileReference section */
		E49BF8932B77FAD700EA8B73 /* VIPHeadLine.app */ = {isa = PBXFileReference; explicitFileType = wrapper.application; includeInIndex = 0; path = VIPHeadLine.app; sourceTree = BUILT_PRODUCTS_DIR; };
		E49BF8962B77FAD700EA8B73 /* AppDelegate.swift */ = {isa = PBXFileReference; lastKnownFileType = sourcecode.swift; path = AppDelegate.swift; sourceTree = "<group>"; };
		E49BF8982B77FAD700EA8B73 /* SceneDelegate.swift */ = {isa = PBXFileReference; lastKnownFileType = sourcecode.swift; path = SceneDelegate.swift; sourceTree = "<group>"; };
		E49BF89F2B77FAD800EA8B73 /* Assets.xcassets */ = {isa = PBXFileReference; lastKnownFileType = folder.assetcatalog; path = Assets.xcassets; sourceTree = "<group>"; };
		E49BF8A22B77FAD800EA8B73 /* Base */ = {isa = PBXFileReference; lastKnownFileType = file.storyboard; name = Base; path = Base.lproj/LaunchScreen.storyboard; sourceTree = "<group>"; };
		E49BF8A42B77FAD800EA8B73 /* Info.plist */ = {isa = PBXFileReference; lastKnownFileType = text.plist.xml; path = Info.plist; sourceTree = "<group>"; };
		E49BF8A92B77FAD800EA8B73 /* VIPHeadLineTests.xctest */ = {isa = PBXFileReference; explicitFileType = wrapper.cfbundle; includeInIndex = 0; path = VIPHeadLineTests.xctest; sourceTree = BUILT_PRODUCTS_DIR; };
		E49BF8AD2B77FAD800EA8B73 /* VIPHeadLineTests.swift */ = {isa = PBXFileReference; lastKnownFileType = sourcecode.swift; path = VIPHeadLineTests.swift; sourceTree = "<group>"; };
		E49BF8B32B77FAD800EA8B73 /* VIPHeadLineUITests.xctest */ = {isa = PBXFileReference; explicitFileType = wrapper.cfbundle; includeInIndex = 0; path = VIPHeadLineUITests.xctest; sourceTree = BUILT_PRODUCTS_DIR; };
		E49BF8B72B77FAD800EA8B73 /* VIPHeadLineUITests.swift */ = {isa = PBXFileReference; lastKnownFileType = sourcecode.swift; path = VIPHeadLineUITests.swift; sourceTree = "<group>"; };
		E49BF8B92B77FAD800EA8B73 /* VIPHeadLineUITestsLaunchTests.swift */ = {isa = PBXFileReference; lastKnownFileType = sourcecode.swift; path = VIPHeadLineUITestsLaunchTests.swift; sourceTree = "<group>"; };
		E49BF8C82B77FDD600EA8B73 /* ListNewsPresenter.swift */ = {isa = PBXFileReference; lastKnownFileType = sourcecode.swift; path = ListNewsPresenter.swift; sourceTree = "<group>"; };
		E49BF8C92B77FDD600EA8B73 /* ListNewsWorker.swift */ = {isa = PBXFileReference; lastKnownFileType = sourcecode.swift; path = ListNewsWorker.swift; sourceTree = "<group>"; };
		E49BF8CA2B77FDD600EA8B73 /* ListNewsRouter.swift */ = {isa = PBXFileReference; lastKnownFileType = sourcecode.swift; path = ListNewsRouter.swift; sourceTree = "<group>"; };
		E49BF8CB2B77FDD600EA8B73 /* ListNewsModels.swift */ = {isa = PBXFileReference; lastKnownFileType = sourcecode.swift; path = ListNewsModels.swift; sourceTree = "<group>"; };
		E49BF8CC2B77FDD600EA8B73 /* ListNewsViewController.swift */ = {isa = PBXFileReference; lastKnownFileType = sourcecode.swift; path = ListNewsViewController.swift; sourceTree = "<group>"; };
		E49BF8CD2B77FDD600EA8B73 /* ListNewsInteractor.swift */ = {isa = PBXFileReference; lastKnownFileType = sourcecode.swift; path = ListNewsInteractor.swift; sourceTree = "<group>"; };
		E49BF8D72B78065200EA8B73 /* Article.swift */ = {isa = PBXFileReference; lastKnownFileType = sourcecode.swift; path = Article.swift; sourceTree = "<group>"; };
		E49BF8D92B78065B00EA8B73 /* ArticleList.swift */ = {isa = PBXFileReference; lastKnownFileType = sourcecode.swift; path = ArticleList.swift; sourceTree = "<group>"; };
		E49BF8DB2B78072F00EA8B73 /* ArticlesAPI.swift */ = {isa = PBXFileReference; lastKnownFileType = sourcecode.swift; path = ArticlesAPI.swift; sourceTree = "<group>"; };
		E49BF8DE2B78082E00EA8B73 /* ArticlesWorker.swift */ = {isa = PBXFileReference; lastKnownFileType = sourcecode.swift; path = ArticlesWorker.swift; sourceTree = "<group>"; };
		E49BF8E12B792DD700EA8B73 /* ArticleTableViewCell.swift */ = {isa = PBXFileReference; lastKnownFileType = sourcecode.swift; path = ArticleTableViewCell.swift; sourceTree = "<group>"; };
/* End PBXFileReference section */

/* Begin PBXFrameworksBuildPhase section */
		E49BF8902B77FAD700EA8B73 /* Frameworks */ = {
			isa = PBXFrameworksBuildPhase;
			buildActionMask = 2147483647;
			files = (
			);
			runOnlyForDeploymentPostprocessing = 0;
		};
		E49BF8A62B77FAD800EA8B73 /* Frameworks */ = {
			isa = PBXFrameworksBuildPhase;
			buildActionMask = 2147483647;
			files = (
			);
			runOnlyForDeploymentPostprocessing = 0;
		};
		E49BF8B02B77FAD800EA8B73 /* Frameworks */ = {
			isa = PBXFrameworksBuildPhase;
			buildActionMask = 2147483647;
			files = (
			);
			runOnlyForDeploymentPostprocessing = 0;
		};
/* End PBXFrameworksBuildPhase section */

/* Begin PBXGroup section */
		E49BF88A2B77FAD700EA8B73 = {
			isa = PBXGroup;
			children = (
				E49BF8952B77FAD700EA8B73 /* VIPHeadLine */,
				E49BF8AC2B77FAD800EA8B73 /* VIPHeadLineTests */,
				E49BF8B62B77FAD800EA8B73 /* VIPHeadLineUITests */,
				E49BF8942B77FAD700EA8B73 /* Products */,
			);
			sourceTree = "<group>";
		};
		E49BF8942B77FAD700EA8B73 /* Products */ = {
			isa = PBXGroup;
			children = (
				E49BF8932B77FAD700EA8B73 /* VIPHeadLine.app */,
				E49BF8A92B77FAD800EA8B73 /* VIPHeadLineTests.xctest */,
				E49BF8B32B77FAD800EA8B73 /* VIPHeadLineUITests.xctest */,
			);
			name = Products;
			sourceTree = "<group>";
		};
		E49BF8952B77FAD700EA8B73 /* VIPHeadLine */ = {
			isa = PBXGroup;
			children = (
				E49BF8E02B792DC300EA8B73 /* Views */,
				E49BF8DD2B78081F00EA8B73 /* Workers */,
				E49BF8D52B78063400EA8B73 /* Models */,
				E49BF8D42B78059E00EA8B73 /* Services */,
				E49BF8C62B77FDB000EA8B73 /* Scenes */,
				E49BF8962B77FAD700EA8B73 /* AppDelegate.swift */,
				E49BF8982B77FAD700EA8B73 /* SceneDelegate.swift */,
				E49BF89F2B77FAD800EA8B73 /* Assets.xcassets */,
				E49BF8A12B77FAD800EA8B73 /* LaunchScreen.storyboard */,
				E49BF8A42B77FAD800EA8B73 /* Info.plist */,
			);
			path = VIPHeadLine;
			sourceTree = "<group>";
		};
		E49BF8AC2B77FAD800EA8B73 /* VIPHeadLineTests */ = {
			isa = PBXGroup;
			children = (
				E49BF8AD2B77FAD800EA8B73 /* VIPHeadLineTests.swift */,
			);
			path = VIPHeadLineTests;
			sourceTree = "<group>";
		};
		E49BF8B62B77FAD800EA8B73 /* VIPHeadLineUITests */ = {
			isa = PBXGroup;
			children = (
				E49BF8B72B77FAD800EA8B73 /* VIPHeadLineUITests.swift */,
				E49BF8B92B77FAD800EA8B73 /* VIPHeadLineUITestsLaunchTests.swift */,
			);
			path = VIPHeadLineUITests;
			sourceTree = "<group>";
		};
		E49BF8C62B77FDB000EA8B73 /* Scenes */ = {
			isa = PBXGroup;
			children = (
				E49BF8C72B77FDB900EA8B73 /* ListNews */,
			);
			path = Scenes;
			sourceTree = "<group>";
		};
		E49BF8C72B77FDB900EA8B73 /* ListNews */ = {
			isa = PBXGroup;
			children = (
				E49BF8C82B77FDD600EA8B73 /* ListNewsPresenter.swift */,
				E49BF8C92B77FDD600EA8B73 /* ListNewsWorker.swift */,
				E49BF8CA2B77FDD600EA8B73 /* ListNewsRouter.swift */,
				E49BF8CB2B77FDD600EA8B73 /* ListNewsModels.swift */,
				E49BF8CC2B77FDD600EA8B73 /* ListNewsViewController.swift */,
				E49BF8CD2B77FDD600EA8B73 /* ListNewsInteractor.swift */,
			);
			path = ListNews;
			sourceTree = "<group>";
		};
		E49BF8D42B78059E00EA8B73 /* Services */ = {
			isa = PBXGroup;
			children = (
				E49BF8DB2B78072F00EA8B73 /* ArticlesAPI.swift */,
			);
			path = Services;
			sourceTree = "<group>";
		};
		E49BF8D52B78063400EA8B73 /* Models */ = {
			isa = PBXGroup;
			children = (
				E49BF8D72B78065200EA8B73 /* Article.swift */,
				E49BF8D92B78065B00EA8B73 /* ArticleList.swift */,
			);
			path = Models;
			sourceTree = "<group>";
		};
		E49BF8DD2B78081F00EA8B73 /* Workers */ = {
			isa = PBXGroup;
			children = (
				E49BF8DE2B78082E00EA8B73 /* ArticlesWorker.swift */,
			);
			path = Workers;
			sourceTree = "<group>";
		};
		E49BF8E02B792DC300EA8B73 /* Views */ = {
			isa = PBXGroup;
			children = (
				E49BF8E12B792DD700EA8B73 /* ArticleTableViewCell.swift */,
			);
			path = Views;
			sourceTree = "<group>";
		};
/* End PBXGroup section */

/* Begin PBXNativeTarget section */
		E49BF8922B77FAD700EA8B73 /* VIPHeadLine */ = {
			isa = PBXNativeTarget;
			buildConfigurationList = E49BF8BD2B77FAD800EA8B73 /* Build configuration list for PBXNativeTarget "VIPHeadLine" */;
			buildPhases = (
				E49BF88F2B77FAD700EA8B73 /* Sources */,
				E49BF8902B77FAD700EA8B73 /* Frameworks */,
				E49BF8912B77FAD700EA8B73 /* Resources */,
			);
			buildRules = (
			);
			dependencies = (
			);
			name = VIPHeadLine;
			productName = VIPHeadLine;
			productReference = E49BF8932B77FAD700EA8B73 /* VIPHeadLine.app */;
			productType = "com.apple.product-type.application";
		};
		E49BF8A82B77FAD800EA8B73 /* VIPHeadLineTests */ = {
			isa = PBXNativeTarget;
			buildConfigurationList = E49BF8C02B77FAD800EA8B73 /* Build configuration list for PBXNativeTarget "VIPHeadLineTests" */;
			buildPhases = (
				E49BF8A52B77FAD800EA8B73 /* Sources */,
				E49BF8A62B77FAD800EA8B73 /* Frameworks */,
				E49BF8A72B77FAD800EA8B73 /* Resources */,
			);
			buildRules = (
			);
			dependencies = (
				E49BF8AB2B77FAD800EA8B73 /* PBXTargetDependency */,
			);
			name = VIPHeadLineTests;
			productName = VIPHeadLineTests;
			productReference = E49BF8A92B77FAD800EA8B73 /* VIPHeadLineTests.xctest */;
			productType = "com.apple.product-type.bundle.unit-test";
		};
		E49BF8B22B77FAD800EA8B73 /* VIPHeadLineUITests */ = {
			isa = PBXNativeTarget;
			buildConfigurationList = E49BF8C32B77FAD800EA8B73 /* Build configuration list for PBXNativeTarget "VIPHeadLineUITests" */;
			buildPhases = (
				E49BF8AF2B77FAD800EA8B73 /* Sources */,
				E49BF8B02B77FAD800EA8B73 /* Frameworks */,
				E49BF8B12B77FAD800EA8B73 /* Resources */,
			);
			buildRules = (
			);
			dependencies = (
				E49BF8B52B77FAD800EA8B73 /* PBXTargetDependency */,
			);
			name = VIPHeadLineUITests;
			productName = VIPHeadLineUITests;
			productReference = E49BF8B32B77FAD800EA8B73 /* VIPHeadLineUITests.xctest */;
			productType = "com.apple.product-type.bundle.ui-testing";
		};
/* End PBXNativeTarget section */

/* Begin PBXProject section */
		E49BF88B2B77FAD700EA8B73 /* Project object */ = {
			isa = PBXProject;
			attributes = {
				BuildIndependentTargetsInParallel = 1;
				LastSwiftUpdateCheck = 1520;
				LastUpgradeCheck = 1520;
				TargetAttributes = {
					E49BF8922B77FAD700EA8B73 = {
						CreatedOnToolsVersion = 15.2;
					};
					E49BF8A82B77FAD800EA8B73 = {
						CreatedOnToolsVersion = 15.2;
						TestTargetID = E49BF8922B77FAD700EA8B73;
					};
					E49BF8B22B77FAD800EA8B73 = {
						CreatedOnToolsVersion = 15.2;
						TestTargetID = E49BF8922B77FAD700EA8B73;
					};
				};
			};
			buildConfigurationList = E49BF88E2B77FAD700EA8B73 /* Build configuration list for PBXProject "VIPHeadLine" */;
			compatibilityVersion = "Xcode 14.0";
			developmentRegion = en;
			hasScannedForEncodings = 0;
			knownRegions = (
				en,
				Base,
			);
			mainGroup = E49BF88A2B77FAD700EA8B73;
			productRefGroup = E49BF8942B77FAD700EA8B73 /* Products */;
			projectDirPath = "";
			projectRoot = "";
			targets = (
				E49BF8922B77FAD700EA8B73 /* VIPHeadLine */,
				E49BF8A82B77FAD800EA8B73 /* VIPHeadLineTests */,
				E49BF8B22B77FAD800EA8B73 /* VIPHeadLineUITests */,
			);
		};
/* End PBXProject section */

/* Begin PBXResourcesBuildPhase section */
		E49BF8912B77FAD700EA8B73 /* Resources */ = {
			isa = PBXResourcesBuildPhase;
			buildActionMask = 2147483647;
			files = (
				E49BF8A32B77FAD800EA8B73 /* LaunchScreen.storyboard in Resources */,
				E49BF8A02B77FAD800EA8B73 /* Assets.xcassets in Resources */,
			);
			runOnlyForDeploymentPostprocessing = 0;
		};
		E49BF8A72B77FAD800EA8B73 /* Resources */ = {
			isa = PBXResourcesBuildPhase;
			buildActionMask = 2147483647;
			files = (
			);
			runOnlyForDeploymentPostprocessing = 0;
		};
		E49BF8B12B77FAD800EA8B73 /* Resources */ = {
			isa = PBXResourcesBuildPhase;
			buildActionMask = 2147483647;
			files = (
			);
			runOnlyForDeploymentPostprocessing = 0;
		};
/* End PBXResourcesBuildPhase section */

/* Begin PBXSourcesBuildPhase section */
		E49BF88F2B77FAD700EA8B73 /* Sources */ = {
			isa = PBXSourcesBuildPhase;
			buildActionMask = 2147483647;
			files = (
				E49BF8D32B77FDD600EA8B73 /* ListNewsInteractor.swift in Sources */,
				E49BF8E22B792DD700EA8B73 /* ArticleTableViewCell.swift in Sources */,
				E49BF8DF2B78082E00EA8B73 /* ArticlesWorker.swift in Sources */,
				E49BF8D02B77FDD600EA8B73 /* ListNewsRouter.swift in Sources */,
				E49BF8972B77FAD700EA8B73 /* AppDelegate.swift in Sources */,
				E49BF8D82B78065200EA8B73 /* Article.swift in Sources */,
				E49BF8DC2B78072F00EA8B73 /* ArticlesAPI.swift in Sources */,
				E49BF8D12B77FDD600EA8B73 /* ListNewsModels.swift in Sources */,
				E49BF8DA2B78065B00EA8B73 /* ArticleList.swift in Sources */,
				E49BF8992B77FAD700EA8B73 /* SceneDelegate.swift in Sources */,
				E49BF8CE2B77FDD600EA8B73 /* ListNewsPresenter.swift in Sources */,
				E49BF8CF2B77FDD600EA8B73 /* ListNewsWorker.swift in Sources */,
				E49BF8D22B77FDD600EA8B73 /* ListNewsViewController.swift in Sources */,
			);
			runOnlyForDeploymentPostprocessing = 0;
		};
		E49BF8A52B77FAD800EA8B73 /* Sources */ = {
			isa = PBXSourcesBuildPhase;
			buildActionMask = 2147483647;
			files = (
				E49BF8AE2B77FAD800EA8B73 /* VIPHeadLineTests.swift in Sources */,
			);
			runOnlyForDeploymentPostprocessing = 0;
		};
		E49BF8AF2B77FAD800EA8B73 /* Sources */ = {
			isa = PBXSourcesBuildPhase;
			buildActionMask = 2147483647;
			files = (
				E49BF8BA2B77FAD800EA8B73 /* VIPHeadLineUITestsLaunchTests.swift in Sources */,
				E49BF8B82B77FAD800EA8B73 /* VIPHeadLineUITests.swift in Sources */,
			);
			runOnlyForDeploymentPostprocessing = 0;
		};
/* End PBXSourcesBuildPhase section */

/* Begin PBXTargetDependency section */
		E49BF8AB2B77FAD800EA8B73 /* PBXTargetDependency */ = {
			isa = PBXTargetDependency;
			target = E49BF8922B77FAD700EA8B73 /* VIPHeadLine */;
			targetProxy = E49BF8AA2B77FAD800EA8B73 /* PBXContainerItemProxy */;
		};
		E49BF8B52B77FAD800EA8B73 /* PBXTargetDependency */ = {
			isa = PBXTargetDependency;
			target = E49BF8922B77FAD700EA8B73 /* VIPHeadLine */;
			targetProxy = E49BF8B42B77FAD800EA8B73 /* PBXContainerItemProxy */;
		};
/* End PBXTargetDependency section */

/* Begin PBXVariantGroup section */
		E49BF8A12B77FAD800EA8B73 /* LaunchScreen.storyboard */ = {
			isa = PBXVariantGroup;
			children = (
				E49BF8A22B77FAD800EA8B73 /* Base */,
			);
			name = LaunchScreen.storyboard;
			sourceTree = "<group>";
		};
/* End PBXVariantGroup section */

/* Begin XCBuildConfiguration section */
		E49BF8BB2B77FAD800EA8B73 /* Debug */ = {
			isa = XCBuildConfiguration;
			buildSettings = {
				ALWAYS_SEARCH_USER_PATHS = NO;
				ASSETCATALOG_COMPILER_GENERATE_SWIFT_ASSET_SYMBOL_EXTENSIONS = YES;
				CLANG_ANALYZER_NONNULL = YES;
				CLANG_ANALYZER_NUMBER_OBJECT_CONVERSION = YES_AGGRESSIVE;
				CLANG_CXX_LANGUAGE_STANDARD = "gnu++20";
				CLANG_ENABLE_MODULES = YES;
				CLANG_ENABLE_OBJC_ARC = YES;
				CLANG_ENABLE_OBJC_WEAK = YES;
				CLANG_WARN_BLOCK_CAPTURE_AUTORELEASING = YES;
				CLANG_WARN_BOOL_CONVERSION = YES;
				CLANG_WARN_COMMA = YES;
				CLANG_WARN_CONSTANT_CONVERSION = YES;
				CLANG_WARN_DEPRECATED_OBJC_IMPLEMENTATIONS = YES;
				CLANG_WARN_DIRECT_OBJC_ISA_USAGE = YES_ERROR;
				CLANG_WARN_DOCUMENTATION_COMMENTS = YES;
				CLANG_WARN_EMPTY_BODY = YES;
				CLANG_WARN_ENUM_CONVERSION = YES;
				CLANG_WARN_INFINITE_RECURSION = YES;
				CLANG_WARN_INT_CONVERSION = YES;
				CLANG_WARN_NON_LITERAL_NULL_CONVERSION = YES;
				CLANG_WARN_OBJC_IMPLICIT_RETAIN_SELF = YES;
				CLANG_WARN_OBJC_LITERAL_CONVERSION = YES;
				CLANG_WARN_OBJC_ROOT_CLASS = YES_ERROR;
				CLANG_WARN_QUOTED_INCLUDE_IN_FRAMEWORK_HEADER = YES;
				CLANG_WARN_RANGE_LOOP_ANALYSIS = YES;
				CLANG_WARN_STRICT_PROTOTYPES = YES;
				CLANG_WARN_SUSPICIOUS_MOVE = YES;
				CLANG_WARN_UNGUARDED_AVAILABILITY = YES_AGGRESSIVE;
				CLANG_WARN_UNREACHABLE_CODE = YES;
				CLANG_WARN__DUPLICATE_METHOD_MATCH = YES;
				COPY_PHASE_STRIP = NO;
				DEBUG_INFORMATION_FORMAT = dwarf;
				ENABLE_STRICT_OBJC_MSGSEND = YES;
				ENABLE_TESTABILITY = YES;
				ENABLE_USER_SCRIPT_SANDBOXING = YES;
				GCC_C_LANGUAGE_STANDARD = gnu17;
				GCC_DYNAMIC_NO_PIC = NO;
				GCC_NO_COMMON_BLOCKS = YES;
				GCC_OPTIMIZATION_LEVEL = 0;
				GCC_PREPROCESSOR_DEFINITIONS = (
					"DEBUG=1",
					"$(inherited)",
				);
				GCC_WARN_64_TO_32_BIT_CONVERSION = YES;
				GCC_WARN_ABOUT_RETURN_TYPE = YES_ERROR;
				GCC_WARN_UNDECLARED_SELECTOR = YES;
				GCC_WARN_UNINITIALIZED_AUTOS = YES_AGGRESSIVE;
				GCC_WARN_UNUSED_FUNCTION = YES;
				GCC_WARN_UNUSED_VARIABLE = YES;
				IPHONEOS_DEPLOYMENT_TARGET = 17.2;
				LOCALIZATION_PREFERS_STRING_CATALOGS = YES;
				MTL_ENABLE_DEBUG_INFO = INCLUDE_SOURCE;
				MTL_FAST_MATH = YES;
				ONLY_ACTIVE_ARCH = YES;
				SDKROOT = iphoneos;
				SWIFT_ACTIVE_COMPILATION_CONDITIONS = "DEBUG $(inherited)";
				SWIFT_OPTIMIZATION_LEVEL = "-Onone";
			};
			name = Debug;
		};
		E49BF8BC2B77FAD800EA8B73 /* Release */ = {
			isa = XCBuildConfiguration;
			buildSettings = {
				ALWAYS_SEARCH_USER_PATHS = NO;
				ASSETCATALOG_COMPILER_GENERATE_SWIFT_ASSET_SYMBOL_EXTENSIONS = YES;
				CLANG_ANALYZER_NONNULL = YES;
				CLANG_ANALYZER_NUMBER_OBJECT_CONVERSION = YES_AGGRESSIVE;
				CLANG_CXX_LANGUAGE_STANDARD = "gnu++20";
				CLANG_ENABLE_MODULES = YES;
				CLANG_ENABLE_OBJC_ARC = YES;
				CLANG_ENABLE_OBJC_WEAK = YES;
				CLANG_WARN_BLOCK_CAPTURE_AUTORELEASING = YES;
				CLANG_WARN_BOOL_CONVERSION = YES;
				CLANG_WARN_COMMA = YES;
				CLANG_WARN_CONSTANT_CONVERSION = YES;
				CLANG_WARN_DEPRECATED_OBJC_IMPLEMENTATIONS = YES;
				CLANG_WARN_DIRECT_OBJC_ISA_USAGE = YES_ERROR;
				CLANG_WARN_DOCUMENTATION_COMMENTS = YES;
				CLANG_WARN_EMPTY_BODY = YES;
				CLANG_WARN_ENUM_CONVERSION = YES;
				CLANG_WARN_INFINITE_RECURSION = YES;
				CLANG_WARN_INT_CONVERSION = YES;
				CLANG_WARN_NON_LITERAL_NULL_CONVERSION = YES;
				CLANG_WARN_OBJC_IMPLICIT_RETAIN_SELF = YES;
				CLANG_WARN_OBJC_LITERAL_CONVERSION = YES;
				CLANG_WARN_OBJC_ROOT_CLASS = YES_ERROR;
				CLANG_WARN_QUOTED_INCLUDE_IN_FRAMEWORK_HEADER = YES;
				CLANG_WARN_RANGE_LOOP_ANALYSIS = YES;
				CLANG_WARN_STRICT_PROTOTYPES = YES;
				CLANG_WARN_SUSPICIOUS_MOVE = YES;
				CLANG_WARN_UNGUARDED_AVAILABILITY = YES_AGGRESSIVE;
				CLANG_WARN_UNREACHABLE_CODE = YES;
				CLANG_WARN__DUPLICATE_METHOD_MATCH = YES;
				COPY_PHASE_STRIP = NO;
				DEBUG_INFORMATION_FORMAT = "dwarf-with-dsym";
				ENABLE_NS_ASSERTIONS = NO;
				ENABLE_STRICT_OBJC_MSGSEND = YES;
				ENABLE_USER_SCRIPT_SANDBOXING = YES;
				GCC_C_LANGUAGE_STANDARD = gnu17;
				GCC_NO_COMMON_BLOCKS = YES;
				GCC_WARN_64_TO_32_BIT_CONVERSION = YES;
				GCC_WARN_ABOUT_RETURN_TYPE = YES_ERROR;
				GCC_WARN_UNDECLARED_SELECTOR = YES;
				GCC_WARN_UNINITIALIZED_AUTOS = YES_AGGRESSIVE;
				GCC_WARN_UNUSED_FUNCTION = YES;
				GCC_WARN_UNUSED_VARIABLE = YES;
				IPHONEOS_DEPLOYMENT_TARGET = 17.2;
				LOCALIZATION_PREFERS_STRING_CATALOGS = YES;
				MTL_ENABLE_DEBUG_INFO = NO;
				MTL_FAST_MATH = YES;
				SDKROOT = iphoneos;
				SWIFT_COMPILATION_MODE = wholemodule;
				VALIDATE_PRODUCT = YES;
			};
			name = Release;
		};
		E49BF8BE2B77FAD800EA8B73 /* Debug */ = {
			isa = XCBuildConfiguration;
			buildSettings = {
				ASSETCATALOG_COMPILER_APPICON_NAME = AppIcon;
				ASSETCATALOG_COMPILER_GLOBAL_ACCENT_COLOR_NAME = AccentColor;
				CODE_SIGN_STYLE = Automatic;
				CURRENT_PROJECT_VERSION = 1;
				DEVELOPMENT_TEAM = BM8Y482LFY;
				GENERATE_INFOPLIST_FILE = YES;
				INFOPLIST_FILE = VIPHeadLine/Info.plist;
				INFOPLIST_KEY_UIApplicationSupportsIndirectInputEvents = YES;
				INFOPLIST_KEY_UILaunchStoryboardName = LaunchScreen;
				INFOPLIST_KEY_UISupportedInterfaceOrientations_iPad = "UIInterfaceOrientationPortrait UIInterfaceOrientationPortraitUpsideDown UIInterfaceOrientationLandscapeLeft UIInterfaceOrientationLandscapeRight";
				INFOPLIST_KEY_UISupportedInterfaceOrientations_iPhone = "UIInterfaceOrientationPortrait UIInterfaceOrientationLandscapeLeft UIInterfaceOrientationLandscapeRight";
				LD_RUNPATH_SEARCH_PATHS = (
					"$(inherited)",
					"@executable_path/Frameworks",
				);
				MARKETING_VERSION = 1.0;
				PRODUCT_BUNDLE_IDENTIFIER = com.kenSong.VIPHeadLine;
				PRODUCT_NAME = "$(TARGET_NAME)";
				SWIFT_EMIT_LOC_STRINGS = YES;
				SWIFT_VERSION = 5.0;
				TARGETED_DEVICE_FAMILY = "1,2";
			};
			name = Debug;
		};
		E49BF8BF2B77FAD800EA8B73 /* Release */ = {
			isa = XCBuildConfiguration;
			buildSettings = {
				ASSETCATALOG_COMPILER_APPICON_NAME = AppIcon;
				ASSETCATALOG_COMPILER_GLOBAL_ACCENT_COLOR_NAME = AccentColor;
				CODE_SIGN_STYLE = Automatic;
				CURRENT_PROJECT_VERSION = 1;
				DEVELOPMENT_TEAM = BM8Y482LFY;
				GENERATE_INFOPLIST_FILE = YES;
				INFOPLIST_FILE = VIPHeadLine/Info.plist;
				INFOPLIST_KEY_UIApplicationSupportsIndirectInputEvents = YES;
				INFOPLIST_KEY_UILaunchStoryboardName = LaunchScreen;
				INFOPLIST_KEY_UISupportedInterfaceOrientations_iPad = "UIInterfaceOrientationPortrait UIInterfaceOrientationPortraitUpsideDown UIInterfaceOrientationLandscapeLeft UIInterfaceOrientationLandscapeRight";
				INFOPLIST_KEY_UISupportedInterfaceOrientations_iPhone = "UIInterfaceOrientationPortrait UIInterfaceOrientationLandscapeLeft UIInterfaceOrientationLandscapeRight";
				LD_RUNPATH_SEARCH_PATHS = (
					"$(inherited)",
					"@executable_path/Frameworks",
				);
				MARKETING_VERSION = 1.0;
				PRODUCT_BUNDLE_IDENTIFIER = com.kenSong.VIPHeadLine;
				PRODUCT_NAME = "$(TARGET_NAME)";
				SWIFT_EMIT_LOC_STRINGS = YES;
				SWIFT_VERSION = 5.0;
				TARGETED_DEVICE_FAMILY = "1,2";
			};
			name = Release;
		};
		E49BF8C12B77FAD800EA8B73 /* Debug */ = {
			isa = XCBuildConfiguration;
			buildSettings = {
				ALWAYS_EMBED_SWIFT_STANDARD_LIBRARIES = YES;
				BUNDLE_LOADER = "$(TEST_HOST)";
				CODE_SIGN_STYLE = Automatic;
				CURRENT_PROJECT_VERSION = 1;
				DEVELOPMENT_TEAM = BM8Y482LFY;
				GENERATE_INFOPLIST_FILE = YES;
				IPHONEOS_DEPLOYMENT_TARGET = 17.2;
				MARKETING_VERSION = 1.0;
				PRODUCT_BUNDLE_IDENTIFIER = com.kenSong.VIPHeadLineTests;
				PRODUCT_NAME = "$(TARGET_NAME)";
				SWIFT_EMIT_LOC_STRINGS = NO;
				SWIFT_VERSION = 5.0;
				TARGETED_DEVICE_FAMILY = "1,2";
				TEST_HOST = "$(BUILT_PRODUCTS_DIR)/VIPHeadLine.app/$(BUNDLE_EXECUTABLE_FOLDER_PATH)/VIPHeadLine";
			};
			name = Debug;
		};
		E49BF8C22B77FAD800EA8B73 /* Release */ = {
			isa = XCBuildConfiguration;
			buildSettings = {
				ALWAYS_EMBED_SWIFT_STANDARD_LIBRARIES = YES;
				BUNDLE_LOADER = "$(TEST_HOST)";
				CODE_SIGN_STYLE = Automatic;
				CURRENT_PROJECT_VERSION = 1;
				DEVELOPMENT_TEAM = BM8Y482LFY;
				GENERATE_INFOPLIST_FILE = YES;
				IPHONEOS_DEPLOYMENT_TARGET = 17.2;
				MARKETING_VERSION = 1.0;
				PRODUCT_BUNDLE_IDENTIFIER = com.kenSong.VIPHeadLineTests;
				PRODUCT_NAME = "$(TARGET_NAME)";
				SWIFT_EMIT_LOC_STRINGS = NO;
				SWIFT_VERSION = 5.0;
				TARGETED_DEVICE_FAMILY = "1,2";
				TEST_HOST = "$(BUILT_PRODUCTS_DIR)/VIPHeadLine.app/$(BUNDLE_EXECUTABLE_FOLDER_PATH)/VIPHeadLine";
			};
			name = Release;
		};
		E49BF8C42B77FAD800EA8B73 /* Debug */ = {
			isa = XCBuildConfiguration;
			buildSettings = {
				ALWAYS_EMBED_SWIFT_STANDARD_LIBRARIES = YES;
				CODE_SIGN_STYLE = Automatic;
				CURRENT_PROJECT_VERSION = 1;
				DEVELOPMENT_TEAM = BM8Y482LFY;
				GENERATE_INFOPLIST_FILE = YES;
				MARKETING_VERSION = 1.0;
				PRODUCT_BUNDLE_IDENTIFIER = com.kenSong.VIPHeadLineUITests;
				PRODUCT_NAME = "$(TARGET_NAME)";
				SWIFT_EMIT_LOC_STRINGS = NO;
				SWIFT_VERSION = 5.0;
				TARGETED_DEVICE_FAMILY = "1,2";
				TEST_TARGET_NAME = VIPHeadLine;
			};
			name = Debug;
		};
		E49BF8C52B77FAD800EA8B73 /* Release */ = {
			isa = XCBuildConfiguration;
			buildSettings = {
				ALWAYS_EMBED_SWIFT_STANDARD_LIBRARIES = YES;
				CODE_SIGN_STYLE = Automatic;
				CURRENT_PROJECT_VERSION = 1;
				DEVELOPMENT_TEAM = BM8Y482LFY;
				GENERATE_INFOPLIST_FILE = YES;
				MARKETING_VERSION = 1.0;
				PRODUCT_BUNDLE_IDENTIFIER = com.kenSong.VIPHeadLineUITests;
				PRODUCT_NAME = "$(TARGET_NAME)";
				SWIFT_EMIT_LOC_STRINGS = NO;
				SWIFT_VERSION = 5.0;
				TARGETED_DEVICE_FAMILY = "1,2";
				TEST_TARGET_NAME = VIPHeadLine;
			};
			name = Release;
		};
/* End XCBuildConfiguration section */

/* Begin XCConfigurationList section */
		E49BF88E2B77FAD700EA8B73 /* Build configuration list for PBXProject "VIPHeadLine" */ = {
			isa = XCConfigurationList;
			buildConfigurations = (
				E49BF8BB2B77FAD800EA8B73 /* Debug */,
				E49BF8BC2B77FAD800EA8B73 /* Release */,
			);
			defaultConfigurationIsVisible = 0;
			defaultConfigurationName = Release;
		};
		E49BF8BD2B77FAD800EA8B73 /* Build configuration list for PBXNativeTarget "VIPHeadLine" */ = {
			isa = XCConfigurationList;
			buildConfigurations = (
				E49BF8BE2B77FAD800EA8B73 /* Debug */,
				E49BF8BF2B77FAD800EA8B73 /* Release */,
			);
			defaultConfigurationIsVisible = 0;
			defaultConfigurationName = Release;
		};
		E49BF8C02B77FAD800EA8B73 /* Build configuration list for PBXNativeTarget "VIPHeadLineTests" */ = {
			isa = XCConfigurationList;
			buildConfigurations = (
				E49BF8C12B77FAD800EA8B73 /* Debug */,
				E49BF8C22B77FAD800EA8B73 /* Release */,
			);
			defaultConfigurationIsVisible = 0;
			defaultConfigurationName = Release;
		};
		E49BF8C32B77FAD800EA8B73 /* Build configuration list for PBXNativeTarget "VIPHeadLineUITests" */ = {
			isa = XCConfigurationList;
			buildConfigurations = (
				E49BF8C42B77FAD800EA8B73 /* Debug */,
				E49BF8C52B77FAD800EA8B73 /* Release */,
			);
			defaultConfigurationIsVisible = 0;
			defaultConfigurationName = Release;
		};
/* End XCConfigurationList section */
	};
	rootObject = E49BF88B2B77FAD700EA8B73 /* Project object */;
}
